{
  "version": 4,
  "terraform_version": "1.3.9",
  "serial": 16,
  "lineage": "65c9e6df-a22f-38f2-d695-66a4345f03ff",
  "outputs": {
    "aws_ec2_info": {
      "value": 4,
      "type": "number"
    },
    "devops_op": {
      "value": "yes",
      "type": "string"
    }
  },
  "resources": [
    {
      "mode": "managed",
      "type": "local_file",
      "name": "devops",
      "provider": "provider[\"registry.terraform.io/hashicorp/local\"]",
      "instances": [
        {
          "schema_version": 0,
          "attributes": {
            "content": "this content1 is cool",
            "content_base64": null,
            "content_base64sha256": "8fVU2SMaW1Q+89usA7/VqO61BX+cJnlNCqKzvgNtdVk=",
            "content_base64sha512": "IUiXc4aX9ECn6bzfiq7427e9OzOxK0gWebzrZPyp3uwqbZpa6lKLGy3eRDnPB8oSYurLDPaHkgC7HlYlLj9TYA==",
            "content_md5": "cc9f8289dd2c063f0f6fe20756ec7715",
            "content_sha1": "68c3d4d225752fc17af52e1bf15987155ca32f8b",
            "content_sha256": "f1f554d9231a5b543ef3dbac03bfd5a8eeb5057f9c26794d0aa2b3be036d7559",
            "content_sha512": "214897738697f440a7e9bcdf8aaef8dbb7bd3b33b12b481679bceb64fca9deec2a6d9a5aea528b1b2dde4439cf07ca1262eacb0cf6879200bb1e56252e3f5360",
            "directory_permission": "0777",
            "file_permission": "0777",
            "filename": "file1.txt",
            "id": "68c3d4d225752fc17af52e1bf15987155ca32f8b",
            "sensitive_content": null,
            "source": null
          },
          "sensitive_attributes": []
        }
      ]
    },
    {
      "mode": "managed",
      "type": "local_file",
      "name": "filekanam",
      "provider": "provider[\"registry.terraform.io/hashicorp/local\"]",
      "instances": [
        {
          "schema_version": 0,
          "attributes": {
            "content": "this content2 is cooler",
            "content_base64": null,
            "content_base64sha256": "iwBBVYHvFIX0WOIHtlyJG+EoeNRzkExHOTbarLD1azg=",
            "content_base64sha512": "Rds9apJ5y83O4ttfVZg5al2ugGYAKF0UtwvV0H/Dqd98PYJSSi2I4DZbSc6wwXNulrC7Y+AQPO3GmHEXGW63EQ==",
            "content_md5": "5ac8d5d458cffcecbd4118f39a2e7083",
            "content_sha1": "64428e938ee1c5e01b5f70ce0b0e2d2a3037364b",
            "content_sha256": "8b00415581ef1485f458e207b65c891be12878d473904c473936daacb0f56b38",
            "content_sha512": "45db3d6a9279cbcdcee2db5f5598396a5dae806600285d14b70bd5d07fc3a9df7c3d82524a2d88e0365b49ceb0c1736e96b0bb63e0103cedc6987117196eb711",
            "directory_permission": "0777",
            "file_permission": "0777",
            "filename": "abc.txt",
            "id": "64428e938ee1c5e01b5f70ce0b0e2d2a3037364b",
            "sensitive_content": null,
            "source": null
          },
          "sensitive_attributes": []
        }
      ]
    },
    {
      "mode": "managed",
      "type": "local_file",
      "name": "variablefile",
      "provider": "provider[\"registry.terraform.io/hashicorp/local\"]",
      "instances": [
        {
          "schema_version": 0,
          "attributes": {
            "content": "this content1 is cool",
            "content_base64": null,
            "content_base64sha256": "8fVU2SMaW1Q+89usA7/VqO61BX+cJnlNCqKzvgNtdVk=",
            "content_base64sha512": "IUiXc4aX9ECn6bzfiq7427e9OzOxK0gWebzrZPyp3uwqbZpa6lKLGy3eRDnPB8oSYurLDPaHkgC7HlYlLj9TYA==",
            "content_md5": "cc9f8289dd2c063f0f6fe20756ec7715",
            "content_sha1": "68c3d4d225752fc17af52e1bf15987155ca32f8b",
            "content_sha256": "f1f554d9231a5b543ef3dbac03bfd5a8eeb5057f9c26794d0aa2b3be036d7559",
            "content_sha512": "214897738697f440a7e9bcdf8aaef8dbb7bd3b33b12b481679bceb64fca9deec2a6d9a5aea528b1b2dde4439cf07ca1262eacb0cf6879200bb1e56252e3f5360",
            "directory_permission": "0777",
            "file_permission": "0777",
            "filename": "var.txt",
            "id": "68c3d4d225752fc17af52e1bf15987155ca32f8b",
            "sensitive_content": null,
            "source": null
          },
          "sensitive_attributes": []
        }
      ]
    }
  ],
  "check_results": null
}
