{
  "version": 4,
  "terraform_version": "1.3.9",
  "serial": 6,
  "lineage": "f8bb7cf2-55e2-e4ad-cde2-5688bbe568b5",
  "outputs": {
    "randstr": {
      "value": [
        "NJOmmZ3P4fOUCw\u0026x"
      ],
      "type": [
        "tuple",
        [
          "string"
        ]
      ]
    }
  },
  "resources": [
    {
      "mode": "managed",
      "type": "random_string",
      "name": "randstr",
      "provider": "provider[\"registry.terraform.io/hashicorp/random\"]",
      "instances": [
        {
          "schema_version": 2,
          "attributes": {
            "id": "NJOmmZ3P4fOUCw\u0026x",
            "keepers": null,
            "length": 16,
            "lower": true,
            "min_lower": 0,
            "min_numeric": 0,
            "min_special": 0,
            "min_upper": 0,
            "number": true,
            "numeric": true,
            "override_special": "!@#$%^\u0026*()_?\u003e\u003c",
            "result": "NJOmmZ3P4fOUCw\u0026x",
            "special": true,
            "upper": true
          },
          "sensitive_attributes": []
        }
      ]
    }
  ],
  "check_results": null
}
